
Microsoft Visual Studio Solution File, Format Version 12.00
# Visual Studio Version 17
VisualStudioVersion = 17.12.35728.132 d17.12
MinimumVisualStudioVersion = 10.0.40219.1
Project("{FAE04EC0-301F-11D3-BF4B-00C04F79EFBC}") = "Inforce.Server", "Inforce.Server\Inforce.Server.csproj", "{CACA625D-B027-4D4D-95BE-DAFC2E331527}"
EndProject
Project("{54A90642-561A-4BB1-A94E-469ADEE60C69}") = "inforce.client", "inforce.client\inforce.client.esproj", "{EC4BCBFB-2E1B-41D8-B74E-A3B44515A353}"
EndProject
Global
	GlobalSection(SolutionConfigurationPlatforms) = preSolution
		Debug|Any CPU = Debug|Any CPU
		Release|Any CPU = Release|Any CPU
	EndGlobalSection
	GlobalSection(ProjectConfigurationPlatforms) = postSolution
		{CACA625D-B027-4D4D-95BE-DAFC2E331527}.Debug|Any CPU.ActiveCfg = Debug|Any CPU
		{CACA625D-B027-4D4D-95BE-DAFC2E331527}.Debug|Any CPU.Build.0 = Debug|Any CPU
		{CACA625D-B027-4D4D-95BE-DAFC2E331527}.Release|Any CPU.ActiveCfg = Release|Any CPU
		{CACA625D-B027-4D4D-95BE-DAFC2E331527}.Release|Any CPU.Build.0 = Release|Any CPU
		{EC4BCBFB-2E1B-41D8-B74E-A3B44515A353}.Debug|Any CPU.ActiveCfg = Debug|Any CPU
		{EC4BCBFB-2E1B-41D8-B74E-A3B44515A353}.Debug|Any CPU.Build.0 = Debug|Any CPU
		{EC4BCBFB-2E1B-41D8-B74E-A3B44515A353}.Debug|Any CPU.Deploy.0 = Debug|Any CPU
		{EC4BCBFB-2E1B-41D8-B74E-A3B44515A353}.Release|Any CPU.ActiveCfg = Release|Any CPU
		{EC4BCBFB-2E1B-41D8-B74E-A3B44515A353}.Release|Any CPU.Build.0 = Release|Any CPU
		{EC4BCBFB-2E1B-41D8-B74E-A3B44515A353}.Release|Any CPU.Deploy.0 = Release|Any CPU
	EndGlobalSection
	GlobalSection(SolutionProperties) = preSolution
		HideSolutionNode = FALSE
	EndGlobalSection
EndGlobal
